
Microsoft Visual Studio Solution File, Format Version 12.00
# Visual Studio 14
VisualStudioVersion = 14.0.25420.1
MinimumVisualStudioVersion = 10.0.40219.1
Project("{FAE04EC0-301F-11D3-BF4B-00C04F79EFBC}") = "WebBased", "WebBased\WebBased.csproj", "{0F7BE4F2-1469-4A6A-AE13-559E26B6281F}"
EndProject
Project("{FAE04EC0-301F-11D3-BF4B-00C04F79EFBC}") = "UnitTest_WebBased", "UnitTest_WebBased\UnitTest_WebBased.csproj", "{FB831F77-A38A-4CFA-8588-58780E508794}"
EndProject
Global
	GlobalSection(SolutionConfigurationPlatforms) = preSolution
		Debug|Any CPU = Debug|Any CPU
		Release|Any CPU = Release|Any CPU
	EndGlobalSection
	GlobalSection(ProjectConfigurationPlatforms) = postSolution
		{0F7BE4F2-1469-4A6A-AE13-559E26B6281F}.Debug|Any CPU.ActiveCfg = Debug|Any CPU
		{0F7BE4F2-1469-4A6A-AE13-559E26B6281F}.Debug|Any CPU.Build.0 = Debug|Any CPU
		{0F7BE4F2-1469-4A6A-AE13-559E26B6281F}.Release|Any CPU.ActiveCfg = Release|Any CPU
		{0F7BE4F2-1469-4A6A-AE13-559E26B6281F}.Release|Any CPU.Build.0 = Release|Any CPU
		{FB831F77-A38A-4CFA-8588-58780E508794}.Debug|Any CPU.ActiveCfg = Debug|Any CPU
		{FB831F77-A38A-4CFA-8588-58780E508794}.Debug|Any CPU.Build.0 = Debug|Any CPU
		{FB831F77-A38A-4CFA-8588-58780E508794}.Release|Any CPU.ActiveCfg = Release|Any CPU
		{FB831F77-A38A-4CFA-8588-58780E508794}.Release|Any CPU.Build.0 = Release|Any CPU
	EndGlobalSection
	GlobalSection(SolutionProperties) = preSolution
		HideSolutionNode = FALSE
	EndGlobalSection
EndGlobal
